# GENERATED by dotfiles-core sync-core.sh — vendored Core provenance (B1).
# Regenerated ONLY by Core's fan-out ('make sync' in dotfiles-core) — never
# hand-edit, and never 'git subtree pull' by hand: that moves core/ but not
# this file, and core-integrity.sh then reports TAMPERED. See VENDORING.md.
core_version=5.3.0
core_sha=5cb06ab4341de6ce07037e7f91c1e3e9da937de2
core_ref=5cb06ab4341de6ce07037e7f91c1e3e9da937de2
core_tag=v5.3.0
