# GENERATED by dotfiles-core sync-core.sh — vendored Core provenance (B1).
# Regenerated ONLY by Core's fan-out ('make sync' in dotfiles-core) — never
# hand-edit, and never 'git subtree pull' by hand: that moves core/ but not
# this file, and core-integrity.sh then reports TAMPERED. See VENDORING.md.
core_version=7.1.2
core_sha=3e2b2555aa0817b19c4444ed0f801f077a157ded
core_ref=3e2b2555aa0817b19c4444ed0f801f077a157ded
core_tag=v7.1.2
