# GENERATED by dotfiles-core sync-core.sh — vendored Core provenance (B1).
# Regenerated ONLY by Core's fan-out ('make sync' in dotfiles-core) — never
# hand-edit, and never 'git subtree pull' by hand: that moves core/ but not
# this file, and core-integrity.sh then reports TAMPERED. See VENDORING.md.
core_version=6.0.0
core_sha=3fdd3a88fe2200399a704fb5cf2936a33728f0ce
core_ref=3fdd3a88fe2200399a704fb5cf2936a33728f0ce
core_tag=v6.0.0
